
Microsoft Visual Studio Solution File, Format Version 12.00
# Visual Studio Version 17
VisualStudioVersion = 17.0.32112.339
MinimumVisualStudioVersion = 10.0.40219.1
Project("{FAE04EC0-301F-11D3-BF4B-00C04F79EFBC}") = "Simi", "Simi\Simi.csproj", "{DDEF8259-D176-495F-8D0C-117E33D85284}"
EndProject
Project("{FAE04EC0-301F-11D3-BF4B-00C04F79EFBC}") = "Simi.DataBase", "Simi.DataBase\Simi.DataBase.csproj", "{04218693-2455-4908-BEBC-2864111D3E2B}"
EndProject
Global
	GlobalSection(SolutionConfigurationPlatforms) = preSolution
		Debug|Any CPU = Debug|Any CPU
		Release|Any CPU = Release|Any CPU
	EndGlobalSection
	GlobalSection(ProjectConfigurationPlatforms) = postSolution
		{DDEF8259-D176-495F-8D0C-117E33D85284}.Debug|Any CPU.ActiveCfg = Debug|Any CPU
		{DDEF8259-D176-495F-8D0C-117E33D85284}.Debug|Any CPU.Build.0 = Debug|Any CPU
		{DDEF8259-D176-495F-8D0C-117E33D85284}.Release|Any CPU.ActiveCfg = Release|Any CPU
		{DDEF8259-D176-495F-8D0C-117E33D85284}.Release|Any CPU.Build.0 = Release|Any CPU
		{04218693-2455-4908-BEBC-2864111D3E2B}.Debug|Any CPU.ActiveCfg = Debug|Any CPU
		{04218693-2455-4908-BEBC-2864111D3E2B}.Debug|Any CPU.Build.0 = Debug|Any CPU
		{04218693-2455-4908-BEBC-2864111D3E2B}.Release|Any CPU.ActiveCfg = Release|Any CPU
		{04218693-2455-4908-BEBC-2864111D3E2B}.Release|Any CPU.Build.0 = Release|Any CPU
	EndGlobalSection
	GlobalSection(SolutionProperties) = preSolution
		HideSolutionNode = FALSE
	EndGlobalSection
	GlobalSection(ExtensibilityGlobals) = postSolution
		SolutionGuid = {D98D1817-5EBA-4269-B38D-3B8DE89B3F1A}
	EndGlobalSection
EndGlobal
